schema: '2.0'
stages:
  data_ingestion:
    cmd: python src/data_ingestion.py
    deps:
    - path: src/data_ingestion.py
      hash: md5
      md5: 7d44e8c519455d6b253d73094aed519d
      size: 2845
    outs:
    - path: data/raw
      hash: md5
      md5: a9795fa9d7f865ba13845168cdae1131.dir
      size: 479272
      nfiles: 2
  data_preprocessing:
    cmd: python src/data_preprocessing.py
    deps:
    - path: data/raw
      hash: md5
      md5: a9795fa9d7f865ba13845168cdae1131.dir
      size: 479272
      nfiles: 2
    - path: src/data_preprocessing.py
      hash: md5
      md5: 845fa6bbe8c30228e1815446217c534a
      size: 3476
    outs:
    - path: data/interim
      hash: md5
      md5: d3f80ea917209a657caed01201ee2780.dir
      size: 254818
      nfiles: 2
  feature_engineering:
    cmd: python src/feature_engineering.py
    deps:
    - path: data/interim
      hash: md5
      md5: d3f80ea917209a657caed01201ee2780.dir
      size: 254818
      nfiles: 2
    - path: src/feature_engineering.py
      hash: md5
      md5: 54b62545cb65cfe09347ffc108bc11a6
      size: 3120
    outs:
    - path: data/processed
      hash: md5
      md5: 7b800f3ef5911a14f39af9b874617e9c.dir
      size: 1174741
      nfiles: 2
  model_training:
    cmd: python src/model_training.py
    deps:
    - path: data/processed
      hash: md5
      md5: 7b800f3ef5911a14f39af9b874617e9c.dir
      size: 1174741
      nfiles: 2
    - path: src/model_training.py
      hash: md5
      md5: c5daa38c2d993a99bfd169d3d793a502
      size: 3204
    outs:
    - path: models/model.pkl
      hash: md5
      md5: e6dc8ecd281c6a90a43e1ecab0707f35
      size: 998489
  model_evaluation:
    cmd: python src/model_evaluation.py
    deps:
    - path: models/model.pkl
      hash: md5
      md5: e6dc8ecd281c6a90a43e1ecab0707f35
      size: 998489
    - path: src/model_evaluation.py
      hash: md5
      md5: 909a707e44062402e523b1b78d14aff0
      size: 3406
    outs:
    - path: metrics/evaluation_metrics.json
      hash: md5
      md5: 7e92540762e3cf069bf139a053cfe4e8
      size: 140
