schema: '2.0'
stages:
  data_ingestion:
    cmd: python src/data_ingestion.py
    deps:
    - path: src/data_ingestion.py
      hash: md5
      md5: c4754047290845dee521a7c8d0f7f3fe
      size: 3501
    params:
      params.yaml:
        data_ingestion.test_size: 0.15
    outs:
    - path: data/raw
      hash: md5
      md5: f566f729f44d96dd0e4b2b0c1637c3f0.dir
      size: 479272
      nfiles: 2
  data_preprocessing:
    cmd: python src/data_preprocessing.py
    deps:
    - path: data/raw
      hash: md5
      md5: f566f729f44d96dd0e4b2b0c1637c3f0.dir
      size: 479272
      nfiles: 2
    - path: src/data_preprocessing.py
      hash: md5
      md5: 845fa6bbe8c30228e1815446217c534a
      size: 3476
    outs:
    - path: data/interim
      hash: md5
      md5: 5a09c6cf2fe8256555852d2f39ac22e9.dir
      size: 253920
      nfiles: 2
  feature_engineering:
    cmd: python src/feature_engineering.py
    deps:
    - path: data/interim
      hash: md5
      md5: 5a09c6cf2fe8256555852d2f39ac22e9.dir
      size: 253920
      nfiles: 2
    - path: src/feature_engineering.py
      hash: md5
      md5: 4fdd2b53787bf762daa879c47c494cff
      size: 3818
    params:
      params.yaml:
        feature_engineering.max_features: 45
    outs:
    - path: data/processed
      hash: md5
      md5: 10b903c1bcea243da32da8bd56776366.dir
      size: 1057957
      nfiles: 2
  model_training:
    cmd: python src/model_training.py
    deps:
    - path: data/processed
      hash: md5
      md5: 10b903c1bcea243da32da8bd56776366.dir
      size: 1057957
      nfiles: 2
    - path: src/model_training.py
      hash: md5
      md5: 149035b4465d581043cd21bf4826eb40
      size: 3844
    params:
      params.yaml:
        model_training.n_estimators: 25
        model_training.random_state: 2
    outs:
    - path: models/model.pkl
      hash: md5
      md5: 72761e9dd44df96a41e105ebc7c42153
      size: 984089
  model_evaluation:
    cmd: python src/model_evaluation.py
    deps:
    - path: models/model.pkl
      hash: md5
      md5: 72761e9dd44df96a41e105ebc7c42153
      size: 984089
    - path: src/model_evaluation.py
      hash: md5
      md5: 909a707e44062402e523b1b78d14aff0
      size: 3406
    outs:
    - path: metrics/evaluation_metrics.json
      hash: md5
      md5: d2998eaacab3b3985973eb402047bf60
      size: 140
